
Microsoft Visual Studio Solution File, Format Version 12.00
# Visual Studio Version 16
VisualStudioVersion = 16.0.31129.286
MinimumVisualStudioVersion = 10.0.40219.1
Project("{FAE04EC0-301F-11D3-BF4B-00C04F79EFBC}") = "Bump.Android", "Bump\Bump.Android\Bump.Android.csproj", "{ED185A1B-4D06-49B3-948A-2861D1726BB1}"
EndProject
Project("{FAE04EC0-301F-11D3-BF4B-00C04F79EFBC}") = "Bump.iOS", "Bump\Bump.iOS\Bump.iOS.csproj", "{91A899A0-20B6-4157-9FC0-B61A99A35FA9}"
EndProject
Project("{9A19103F-16F7-4668-BE54-9A1E7A4F7556}") = "Bump", "Bump\Bump\Bump.csproj", "{2E1DBF48-1E98-4D3F-9EF2-B8356DA14235}"
EndProject
Project("{FAE04EC0-301F-11D3-BF4B-00C04F79EFBC}") = "API", "API\API.csproj", "{974155E7-C75D-4DCF-B9A0-AB9CEC54284A}"
EndProject
Project("{FAE04EC0-301F-11D3-BF4B-00C04F79EFBC}") = "BLL", "BLL\BLL.csproj", "{E2A35141-886E-4013-9AC4-199C90DEC5F1}"
EndProject
Global
	GlobalSection(SolutionConfigurationPlatforms) = preSolution
		Debug|Any CPU = Debug|Any CPU
		Debug|iPhone = Debug|iPhone
		Debug|iPhoneSimulator = Debug|iPhoneSimulator
		Release|Any CPU = Release|Any CPU
		Release|iPhone = Release|iPhone
		Release|iPhoneSimulator = Release|iPhoneSimulator
	EndGlobalSection
	GlobalSection(ProjectConfigurationPlatforms) = postSolution
		{ED185A1B-4D06-49B3-948A-2861D1726BB1}.Debug|Any CPU.ActiveCfg = Debug|Any CPU
		{ED185A1B-4D06-49B3-948A-2861D1726BB1}.Debug|Any CPU.Build.0 = Debug|Any CPU
		{ED185A1B-4D06-49B3-948A-2861D1726BB1}.Debug|Any CPU.Deploy.0 = Debug|Any CPU
		{ED185A1B-4D06-49B3-948A-2861D1726BB1}.Debug|iPhone.ActiveCfg = Debug|Any CPU
		{ED185A1B-4D06-49B3-948A-2861D1726BB1}.Debug|iPhone.Build.0 = Debug|Any CPU
		{ED185A1B-4D06-49B3-948A-2861D1726BB1}.Debug|iPhone.Deploy.0 = Debug|Any CPU
		{ED185A1B-4D06-49B3-948A-2861D1726BB1}.Debug|iPhoneSimulator.ActiveCfg = Debug|Any CPU
		{ED185A1B-4D06-49B3-948A-2861D1726BB1}.Debug|iPhoneSimulator.Build.0 = Debug|Any CPU
		{ED185A1B-4D06-49B3-948A-2861D1726BB1}.Debug|iPhoneSimulator.Deploy.0 = Debug|Any CPU
		{ED185A1B-4D06-49B3-948A-2861D1726BB1}.Release|Any CPU.ActiveCfg = Release|Any CPU
		{ED185A1B-4D06-49B3-948A-2861D1726BB1}.Release|Any CPU.Build.0 = Release|Any CPU
		{ED185A1B-4D06-49B3-948A-2861D1726BB1}.Release|Any CPU.Deploy.0 = Release|Any CPU
		{ED185A1B-4D06-49B3-948A-2861D1726BB1}.Release|iPhone.ActiveCfg = Release|Any CPU
		{ED185A1B-4D06-49B3-948A-2861D1726BB1}.Release|iPhone.Build.0 = Release|Any CPU
		{ED185A1B-4D06-49B3-948A-2861D1726BB1}.Release|iPhone.Deploy.0 = Release|Any CPU
		{ED185A1B-4D06-49B3-948A-2861D1726BB1}.Release|iPhoneSimulator.ActiveCfg = Release|Any CPU
		{ED185A1B-4D06-49B3-948A-2861D1726BB1}.Release|iPhoneSimulator.Build.0 = Release|Any CPU
		{ED185A1B-4D06-49B3-948A-2861D1726BB1}.Release|iPhoneSimulator.Deploy.0 = Release|Any CPU
		{91A899A0-20B6-4157-9FC0-B61A99A35FA9}.Debug|Any CPU.ActiveCfg = Debug|iPhone
		{91A899A0-20B6-4157-9FC0-B61A99A35FA9}.Debug|Any CPU.Build.0 = Debug|iPhone
		{91A899A0-20B6-4157-9FC0-B61A99A35FA9}.Debug|Any CPU.Deploy.0 = Debug|iPhone
		{91A899A0-20B6-4157-9FC0-B61A99A35FA9}.Debug|iPhone.ActiveCfg = Debug|iPhone
		{91A899A0-20B6-4157-9FC0-B61A99A35FA9}.Debug|iPhone.Build.0 = Debug|iPhone
		{91A899A0-20B6-4157-9FC0-B61A99A35FA9}.Debug|iPhone.Deploy.0 = Debug|iPhone
		{91A899A0-20B6-4157-9FC0-B61A99A35FA9}.Debug|iPhoneSimulator.ActiveCfg = Debug|iPhoneSimulator
		{91A899A0-20B6-4157-9FC0-B61A99A35FA9}.Debug|iPhoneSimulator.Build.0 = Debug|iPhoneSimulator
		{91A899A0-20B6-4157-9FC0-B61A99A35FA9}.Debug|iPhoneSimulator.Deploy.0 = Debug|iPhoneSimulator
		{91A899A0-20B6-4157-9FC0-B61A99A35FA9}.Release|Any CPU.ActiveCfg = Release|iPhoneSimulator
		{91A899A0-20B6-4157-9FC0-B61A99A35FA9}.Release|Any CPU.Build.0 = Release|iPhoneSimulator
		{91A899A0-20B6-4157-9FC0-B61A99A35FA9}.Release|Any CPU.Deploy.0 = Release|iPhoneSimulator
		{91A899A0-20B6-4157-9FC0-B61A99A35FA9}.Release|iPhone.ActiveCfg = Release|iPhone
		{91A899A0-20B6-4157-9FC0-B61A99A35FA9}.Release|iPhone.Build.0 = Release|iPhone
		{91A899A0-20B6-4157-9FC0-B61A99A35FA9}.Release|iPhone.Deploy.0 = Release|iPhone
		{91A899A0-20B6-4157-9FC0-B61A99A35FA9}.Release|iPhoneSimulator.ActiveCfg = Release|iPhoneSimulator
		{91A899A0-20B6-4157-9FC0-B61A99A35FA9}.Release|iPhoneSimulator.Build.0 = Release|iPhoneSimulator
		{91A899A0-20B6-4157-9FC0-B61A99A35FA9}.Release|iPhoneSimulator.Deploy.0 = Release|iPhoneSimulator
		{2E1DBF48-1E98-4D3F-9EF2-B8356DA14235}.Debug|Any CPU.ActiveCfg = Debug|Any CPU
		{2E1DBF48-1E98-4D3F-9EF2-B8356DA14235}.Debug|Any CPU.Build.0 = Debug|Any CPU
		{2E1DBF48-1E98-4D3F-9EF2-B8356DA14235}.Debug|Any CPU.Deploy.0 = Debug|Any CPU
		{2E1DBF48-1E98-4D3F-9EF2-B8356DA14235}.Debug|iPhone.ActiveCfg = Debug|Any CPU
		{2E1DBF48-1E98-4D3F-9EF2-B8356DA14235}.Debug|iPhone.Build.0 = Debug|Any CPU
		{2E1DBF48-1E98-4D3F-9EF2-B8356DA14235}.Debug|iPhone.Deploy.0 = Debug|Any CPU
		{2E1DBF48-1E98-4D3F-9EF2-B8356DA14235}.Debug|iPhoneSimulator.ActiveCfg = Debug|Any CPU
		{2E1DBF48-1E98-4D3F-9EF2-B8356DA14235}.Debug|iPhoneSimulator.Build.0 = Debug|Any CPU
		{2E1DBF48-1E98-4D3F-9EF2-B8356DA14235}.Debug|iPhoneSimulator.Deploy.0 = Debug|Any CPU
		{2E1DBF48-1E98-4D3F-9EF2-B8356DA14235}.Release|Any CPU.ActiveCfg = Release|Any CPU
		{2E1DBF48-1E98-4D3F-9EF2-B8356DA14235}.Release|Any CPU.Build.0 = Release|Any CPU
		{2E1DBF48-1E98-4D3F-9EF2-B8356DA14235}.Release|Any CPU.Deploy.0 = Release|Any CPU
		{2E1DBF48-1E98-4D3F-9EF2-B8356DA14235}.Release|iPhone.ActiveCfg = Release|Any CPU
		{2E1DBF48-1E98-4D3F-9EF2-B8356DA14235}.Release|iPhone.Build.0 = Release|Any CPU
		{2E1DBF48-1E98-4D3F-9EF2-B8356DA14235}.Release|iPhone.Deploy.0 = Release|Any CPU
		{2E1DBF48-1E98-4D3F-9EF2-B8356DA14235}.Release|iPhoneSimulator.ActiveCfg = Release|Any CPU
		{2E1DBF48-1E98-4D3F-9EF2-B8356DA14235}.Release|iPhoneSimulator.Build.0 = Release|Any CPU
		{2E1DBF48-1E98-4D3F-9EF2-B8356DA14235}.Release|iPhoneSimulator.Deploy.0 = Release|Any CPU
		{974155E7-C75D-4DCF-B9A0-AB9CEC54284A}.Debug|Any CPU.ActiveCfg = Debug|Any CPU
		{974155E7-C75D-4DCF-B9A0-AB9CEC54284A}.Debug|Any CPU.Build.0 = Debug|Any CPU
		{974155E7-C75D-4DCF-B9A0-AB9CEC54284A}.Debug|iPhone.ActiveCfg = Debug|Any CPU
		{974155E7-C75D-4DCF-B9A0-AB9CEC54284A}.Debug|iPhone.Build.0 = Debug|Any CPU
		{974155E7-C75D-4DCF-B9A0-AB9CEC54284A}.Debug|iPhoneSimulator.ActiveCfg = Debug|Any CPU
		{974155E7-C75D-4DCF-B9A0-AB9CEC54284A}.Debug|iPhoneSimulator.Build.0 = Debug|Any CPU
		{974155E7-C75D-4DCF-B9A0-AB9CEC54284A}.Release|Any CPU.ActiveCfg = Release|Any CPU
		{974155E7-C75D-4DCF-B9A0-AB9CEC54284A}.Release|Any CPU.Build.0 = Release|Any CPU
		{974155E7-C75D-4DCF-B9A0-AB9CEC54284A}.Release|iPhone.ActiveCfg = Release|Any CPU
		{974155E7-C75D-4DCF-B9A0-AB9CEC54284A}.Release|iPhone.Build.0 = Release|Any CPU
		{974155E7-C75D-4DCF-B9A0-AB9CEC54284A}.Release|iPhoneSimulator.ActiveCfg = Release|Any CPU
		{974155E7-C75D-4DCF-B9A0-AB9CEC54284A}.Release|iPhoneSimulator.Build.0 = Release|Any CPU
		{E2A35141-886E-4013-9AC4-199C90DEC5F1}.Debug|Any CPU.ActiveCfg = Debug|Any CPU
		{E2A35141-886E-4013-9AC4-199C90DEC5F1}.Debug|Any CPU.Build.0 = Debug|Any CPU
		{E2A35141-886E-4013-9AC4-199C90DEC5F1}.Debug|iPhone.ActiveCfg = Debug|Any CPU
		{E2A35141-886E-4013-9AC4-199C90DEC5F1}.Debug|iPhone.Build.0 = Debug|Any CPU
		{E2A35141-886E-4013-9AC4-199C90DEC5F1}.Debug|iPhoneSimulator.ActiveCfg = Debug|Any CPU
		{E2A35141-886E-4013-9AC4-199C90DEC5F1}.Debug|iPhoneSimulator.Build.0 = Debug|Any CPU
		{E2A35141-886E-4013-9AC4-199C90DEC5F1}.Release|Any CPU.ActiveCfg = Release|Any CPU
		{E2A35141-886E-4013-9AC4-199C90DEC5F1}.Release|Any CPU.Build.0 = Release|Any CPU
		{E2A35141-886E-4013-9AC4-199C90DEC5F1}.Release|iPhone.ActiveCfg = Release|Any CPU
		{E2A35141-886E-4013-9AC4-199C90DEC5F1}.Release|iPhone.Build.0 = Release|Any CPU
		{E2A35141-886E-4013-9AC4-199C90DEC5F1}.Release|iPhoneSimulator.ActiveCfg = Release|Any CPU
		{E2A35141-886E-4013-9AC4-199C90DEC5F1}.Release|iPhoneSimulator.Build.0 = Release|Any CPU
	EndGlobalSection
	GlobalSection(SolutionProperties) = preSolution
		HideSolutionNode = FALSE
	EndGlobalSection
	GlobalSection(ExtensibilityGlobals) = postSolution
		SolutionGuid = {47FFB6FD-98B0-4DA4-8A18-41014937F3A2}
	EndGlobalSection
EndGlobal
